
Microsoft Visual Studio Solution File, Format Version 12.00
# Visual Studio Version 16
VisualStudioVersion = 16.0.30711.63
MinimumVisualStudioVersion = 10.0.40219.1
Project("{FAE04EC0-301F-11D3-BF4B-00C04F79EFBC}") = "ShopHere", "ShopHere\ShopHere.csproj", "{87F85FF2-2E20-4FEF-9524-378127F3F7C6}"
EndProject
Global
	GlobalSection(SolutionConfigurationPlatforms) = preSolution
		Debug|Any CPU = Debug|Any CPU
		Release|Any CPU = Release|Any CPU
	EndGlobalSection
	GlobalSection(ProjectConfigurationPlatforms) = postSolution
		{87F85FF2-2E20-4FEF-9524-378127F3F7C6}.Debug|Any CPU.ActiveCfg = Debug|Any CPU
		{87F85FF2-2E20-4FEF-9524-378127F3F7C6}.Debug|Any CPU.Build.0 = Debug|Any CPU
		{87F85FF2-2E20-4FEF-9524-378127F3F7C6}.Release|Any CPU.ActiveCfg = Release|Any CPU
		{87F85FF2-2E20-4FEF-9524-378127F3F7C6}.Release|Any CPU.Build.0 = Release|Any CPU
	EndGlobalSection
	GlobalSection(SolutionProperties) = preSolution
		HideSolutionNode = FALSE
	EndGlobalSection
	GlobalSection(ExtensibilityGlobals) = postSolution
		SolutionGuid = {675BD997-A978-4F7C-B369-B51644A6BA6B}
	EndGlobalSection
EndGlobal
